Microsoft Visual Studio Solution File, Format Version 12.00
# Visual Studio Version 17
VisualStudioVersion = 17.14.35806.103
MinimumVisualStudioVersion = 10.0.40219.1
Project("{FAE04EC0-301F-11D3-BF4B-00C04F79EFBC}") = "AzureFunctions.Isolated.Working", "AzureFunctions.Isolated.Working\AzureFunctions.Isolated.Working.csproj", "{E9D25BA6-3BEA-4C64-8D9E-E27190D34457}"
EndProject
Project("{FAE04EC0-301F-11D3-BF4B-00C04F79EFBC}") = "AzureFunctions.InProc.NotWorking", "AzureFunctions.InProc.NotWorking\AzureFunctions.InProc.NotWorking.csproj", "{1A88269E-C0B8-40E0-8752-21B5EC61E6E6}"
EndProject
Global
	GlobalSection(SolutionConfigurationPlatforms) = preSolution
		Debug|Any CPU = Debug|Any CPU
		Release|Any CPU = Release|Any CPU
	EndGlobalSection
	GlobalSection(ProjectConfigurationPlatforms) = postSolution
		{E9D25BA6-3BEA-4C64-8D9E-E27190D34457}.Debug|Any CPU.ActiveCfg = Debug|Any CPU
		{E9D25BA6-3BEA-4C64-8D9E-E27190D34457}.Debug|Any CPU.Build.0 = Debug|Any CPU
		{E9D25BA6-3BEA-4C64-8D9E-E27190D34457}.Release|Any CPU.ActiveCfg = Release|Any CPU
		{E9D25BA6-3BEA-4C64-8D9E-E27190D34457}.Release|Any CPU.Build.0 = Release|Any CPU
		{1A88269E-C0B8-40E0-8752-21B5EC61E6E6}.Debug|Any CPU.ActiveCfg = Debug|Any CPU
		{1A88269E-C0B8-40E0-8752-21B5EC61E6E6}.Debug|Any CPU.Build.0 = Debug|Any CPU
		{1A88269E-C0B8-40E0-8752-21B5EC61E6E6}.Release|Any CPU.ActiveCfg = Release|Any CPU
		{1A88269E-C0B8-40E0-8752-21B5EC61E6E6}.Release|Any CPU.Build.0 = Release|Any CPU
	EndGlobalSection
	GlobalSection(SolutionProperties) = preSolution
		HideSolutionNode = FALSE
	EndGlobalSection
	GlobalSection(ExtensibilityGlobals) = postSolution
		SolutionGuid = {F2E8661D-656D-4CD7-92A5-379BEC881386}
	EndGlobalSection
EndGlobal
